Microsoft Visual Studio Solution File, Format Version 11.00
# Visual Studio 2010
Project("{FAE04EC0-301F-11D3-BF4B-00C04F79EFBC}") = "ButterflyNet.Parser", "Src\ButterflyNet.Parser\ButterflyNet.Parser.csproj", "{7581AE92-4119-46C7-8626-0158D6718302}"
EndProject
Project("{FAE04EC0-301F-11D3-BF4B-00C04F79EFBC}") = "ButterflyNet.Parser.Tests", "Tests\ButterflyNet.Tests\ButterflyNet.Parser.Tests.csproj", "{E9054720-8438-44AF-8CC3-0FB74018946B}"
EndProject
Project("{2150E333-8FDC-42A3-9474-1A3956D46DE8}") = "Src", "Src", "{AC14D7B9-E5B8-49E2-84AF-B58DC87E2025}"
EndProject
Project("{2150E333-8FDC-42A3-9474-1A3956D46DE8}") = "Tests", "Tests", "{0B02D23C-A12C-49AC-85C4-358053ABEC45}"
EndProject
Project("{FAE04EC0-301F-11D3-BF4B-00C04F79EFBC}") = "ButterflyNet.WebApi", "Src\ButterflyNet.WebApi\ButterflyNet.WebApi.csproj", "{B44FF641-26C4-450E-A23F-0FB2899EBFA5}"
EndProject
Project("{2150E333-8FDC-42A3-9474-1A3956D46DE8}") = "Items", "Items", "{2A6FE2CF-4E46-4D76-A4E3-4ADA7686DDA4}"
EndProject
Project("{FAE04EC0-301F-11D3-BF4B-00C04F79EFBC}") = "butterfly", "Src\butterfly\butterfly.csproj", "{C58FD3F7-F1C7-4BF1-A02C-509540F68364}"
EndProject
Global
	GlobalSection(SolutionConfigurationPlatforms) = preSolution
		Debug|Any CPU = Debug|Any CPU
		Debug|Mixed Platforms = Debug|Mixed Platforms
		Debug|x86 = Debug|x86
		Release|Any CPU = Release|Any CPU
		Release|Mixed Platforms = Release|Mixed Platforms
		Release|x86 = Release|x86
	EndGlobalSection
	GlobalSection(ProjectConfigurationPlatforms) = postSolution
		{7581AE92-4119-46C7-8626-0158D6718302}.Debug|Any CPU.ActiveCfg = Debug|Any CPU
		{7581AE92-4119-46C7-8626-0158D6718302}.Debug|Any CPU.Build.0 = Debug|Any CPU
		{7581AE92-4119-46C7-8626-0158D6718302}.Debug|Mixed Platforms.ActiveCfg = Debug|Any CPU
		{7581AE92-4119-46C7-8626-0158D6718302}.Debug|Mixed Platforms.Build.0 = Debug|Any CPU
		{7581AE92-4119-46C7-8626-0158D6718302}.Debug|x86.ActiveCfg = Debug|Any CPU
		{7581AE92-4119-46C7-8626-0158D6718302}.Release|Any CPU.ActiveCfg = Release|Any CPU
		{7581AE92-4119-46C7-8626-0158D6718302}.Release|Any CPU.Build.0 = Release|Any CPU
		{7581AE92-4119-46C7-8626-0158D6718302}.Release|Mixed Platforms.ActiveCfg = Release|Any CPU
		{7581AE92-4119-46C7-8626-0158D6718302}.Release|Mixed Platforms.Build.0 = Release|Any CPU
		{7581AE92-4119-46C7-8626-0158D6718302}.Release|x86.ActiveCfg = Release|Any CPU
		{E9054720-8438-44AF-8CC3-0FB74018946B}.Debug|Any CPU.ActiveCfg = Debug|Any CPU
		{E9054720-8438-44AF-8CC3-0FB74018946B}.Debug|Any CPU.Build.0 = Debug|Any CPU
		{E9054720-8438-44AF-8CC3-0FB74018946B}.Debug|Mixed Platforms.ActiveCfg = Debug|Any CPU
		{E9054720-8438-44AF-8CC3-0FB74018946B}.Debug|Mixed Platforms.Build.0 = Debug|Any CPU
		{E9054720-8438-44AF-8CC3-0FB74018946B}.Debug|x86.ActiveCfg = Debug|Any CPU
		{E9054720-8438-44AF-8CC3-0FB74018946B}.Release|Any CPU.ActiveCfg = Release|Any CPU
		{E9054720-8438-44AF-8CC3-0FB74018946B}.Release|Any CPU.Build.0 = Release|Any CPU
		{E9054720-8438-44AF-8CC3-0FB74018946B}.Release|Mixed Platforms.ActiveCfg = Release|Any CPU
		{E9054720-8438-44AF-8CC3-0FB74018946B}.Release|Mixed Platforms.Build.0 = Release|Any CPU
		{E9054720-8438-44AF-8CC3-0FB74018946B}.Release|x86.ActiveCfg = Release|Any CPU
		{B44FF641-26C4-450E-A23F-0FB2899EBFA5}.Debug|Any CPU.ActiveCfg = Debug|Any CPU
		{B44FF641-26C4-450E-A23F-0FB2899EBFA5}.Debug|Any CPU.Build.0 = Debug|Any CPU
		{B44FF641-26C4-450E-A23F-0FB2899EBFA5}.Debug|Mixed Platforms.ActiveCfg = Debug|Any CPU
		{B44FF641-26C4-450E-A23F-0FB2899EBFA5}.Debug|Mixed Platforms.Build.0 = Debug|Any CPU
		{B44FF641-26C4-450E-A23F-0FB2899EBFA5}.Debug|x86.ActiveCfg = Debug|Any CPU
		{B44FF641-26C4-450E-A23F-0FB2899EBFA5}.Release|Any CPU.ActiveCfg = Release|Any CPU
		{B44FF641-26C4-450E-A23F-0FB2899EBFA5}.Release|Any CPU.Build.0 = Release|Any CPU
		{B44FF641-26C4-450E-A23F-0FB2899EBFA5}.Release|Mixed Platforms.ActiveCfg = Release|Any CPU
		{B44FF641-26C4-450E-A23F-0FB2899EBFA5}.Release|Mixed Platforms.Build.0 = Release|Any CPU
		{B44FF641-26C4-450E-A23F-0FB2899EBFA5}.Release|x86.ActiveCfg = Release|Any CPU
		{C58FD3F7-F1C7-4BF1-A02C-509540F68364}.Debug|Any CPU.ActiveCfg = Debug|x86
		{C58FD3F7-F1C7-4BF1-A02C-509540F68364}.Debug|Mixed Platforms.ActiveCfg = Debug|x86
		{C58FD3F7-F1C7-4BF1-A02C-509540F68364}.Debug|Mixed Platforms.Build.0 = Debug|x86
		{C58FD3F7-F1C7-4BF1-A02C-509540F68364}.Debug|x86.ActiveCfg = Debug|x86
		{C58FD3F7-F1C7-4BF1-A02C-509540F68364}.Debug|x86.Build.0 = Debug|x86
		{C58FD3F7-F1C7-4BF1-A02C-509540F68364}.Release|Any CPU.ActiveCfg = Release|x86
		{C58FD3F7-F1C7-4BF1-A02C-509540F68364}.Release|Mixed Platforms.ActiveCfg = Release|x86
		{C58FD3F7-F1C7-4BF1-A02C-509540F68364}.Release|Mixed Platforms.Build.0 = Release|x86
		{C58FD3F7-F1C7-4BF1-A02C-509540F68364}.Release|x86.ActiveCfg = Release|x86
		{C58FD3F7-F1C7-4BF1-A02C-509540F68364}.Release|x86.Build.0 = Release|x86
	EndGlobalSection
	GlobalSection(SolutionProperties) = preSolution
		HideSolutionNode = FALSE
	EndGlobalSection
	GlobalSection(NestedProjects) = preSolution
		{7581AE92-4119-46C7-8626-0158D6718302} = {AC14D7B9-E5B8-49E2-84AF-B58DC87E2025}
		{B44FF641-26C4-450E-A23F-0FB2899EBFA5} = {AC14D7B9-E5B8-49E2-84AF-B58DC87E2025}
		{C58FD3F7-F1C7-4BF1-A02C-509540F68364} = {AC14D7B9-E5B8-49E2-84AF-B58DC87E2025}
		{E9054720-8438-44AF-8CC3-0FB74018946B} = {0B02D23C-A12C-49AC-85C4-358053ABEC45}
	EndGlobalSection
EndGlobal
